// !$*UTF8*$!
{
	archiveVersion = 1;
	classes = {
	};
	objectVersion = 46;
	objects = {

/* Begin PBXBuildFile section */
		BF1E9AB21D89650A003FC5F3 /* CameraSource.mm in Sources */ = {isa = PBXBuildFile; fileRef = BF1E9AB11D89650A003FC5F3 /* CameraSource.mm */; };
		BF23455B1DE54BBE001FABEA /* MicSource.mm in Sources */ = {isa = PBXBuildFile; fileRef = BF23455A1DE54BBE001FABEA /* MicSource.mm */; };
		BF23455E1DE57650001FABEA /* AudioToolbox.framework in Frameworks */ = {isa = PBXBuildFile; fileRef = BF23455D1DE57650001FABEA /* AudioToolbox.framework */; };
		BF2345781DE58C3F001FABEA /* IMetaData.cpp in Sources */ = {isa = PBXBuildFile; fileRef = BF2345761DE58C3F001FABEA /* IMetaData.cpp */; };
		BF23457C1DE59F60001FABEA /* AACEncoder.cpp in Sources */ = {isa = PBXBuildFile; fileRef = BF23457A1DE59F60001FABEA /* AACEncoder.cpp */; };
		BF35DAB91D7954A000034160 /* main.m in Sources */ = {isa = PBXBuildFile; fileRef = BF35DAB81D7954A000034160 /* main.m */; };
		BF35DABC1D7954A000034160 /* AppDelegate.m in Sources */ = {isa = PBXBuildFile; fileRef = BF35DABB1D7954A000034160 /* AppDelegate.m */; };
		BF35DABF1D7954A000034160 /* ViewController.mm in Sources */ = {isa = PBXBuildFile; fileRef = BF35DABE1D7954A000034160 /* ViewController.mm */; };
		BF35DAC21D7954A000034160 /* Main.storyboard in Resources */ = {isa = PBXBuildFile; fileRef = BF35DAC01D7954A000034160 /* Main.storyboard */; };
		BF35DAC41D7954A000034160 /* Assets.xcassets in Resources */ = {isa = PBXBuildFile; fileRef = BF35DAC31D7954A000034160 /* Assets.xcassets */; };
		BF35DAC71D7954A000034160 /* LaunchScreen.storyboard in Resources */ = {isa = PBXBuildFile; fileRef = BF35DAC51D7954A000034160 /* LaunchScreen.storyboard */; };
		BF35DAD21D7954A000034160 /* CameraRtmpSDKTests.m in Sources */ = {isa = PBXBuildFile; fileRef = BF35DAD11D7954A000034160 /* CameraRtmpSDKTests.m */; };
		BF35DADD1D7954A000034160 /* CameraRtmpSDKUITests.m in Sources */ = {isa = PBXBuildFile; fileRef = BF35DADC1D7954A000034160 /* CameraRtmpSDKUITests.m */; };
		BF575B4E1D7EEF6A00469737 /* H264Encode.mm in Sources */ = {isa = PBXBuildFile; fileRef = BF575B4C1D7EEF6A00469737 /* H264Encode.mm */; };
		BF718B1E1D7EB6290052CAE7 /* H264Packetizer.cpp in Sources */ = {isa = PBXBuildFile; fileRef = BF718B1C1D7EB6290052CAE7 /* H264Packetizer.cpp */; };
		BFAA7F501D7D64D4009C0387 /* ABSSimpleSession.mm in Sources */ = {isa = PBXBuildFile; fileRef = BFAA7F4F1D7D64D4009C0387 /* ABSSimpleSession.mm */; };
		BFAA7F531D7D6872009C0387 /* AVFoundation.framework in Frameworks */ = {isa = PBXBuildFile; fileRef = BFAA7F521D7D6872009C0387 /* AVFoundation.framework */; };
		BFAA7F551D7D6FBE009C0387 /* CoreMedia.framework in Frameworks */ = {isa = PBXBuildFile; fileRef = BFAA7F541D7D6FBE009C0387 /* CoreMedia.framework */; };
		BFAA7F5F1D7E6DDB009C0387 /* PixelBuffer.cpp in Sources */ = {isa = PBXBuildFile; fileRef = BFAA7F5D1D7E6DDB009C0387 /* PixelBuffer.cpp */; };
		BFAA7F6B1D7E838B009C0387 /* ITransform.cpp in Sources */ = {isa = PBXBuildFile; fileRef = BFAA7F691D7E838B009C0387 /* ITransform.cpp */; };
		BFC414071FAA186F007D9FDD /* AACParser.cpp in Sources */ = {isa = PBXBuildFile; fileRef = BFC414031FAA186F007D9FDD /* AACParser.cpp */; };
		BFC414081FAA186F007D9FDD /* H264Parser.cpp in Sources */ = {isa = PBXBuildFile; fileRef = BFC414051FAA186F007D9FDD /* H264Parser.cpp */; };
		BFDAF3AD1D7FBCCB00618868 /* libavcodec.a in Frameworks */ = {isa = PBXBuildFile; fileRef = BFDAF39F1D7FBCCB00618868 /* libavcodec.a */; };
		BFDAF3AE1D7FBCCB00618868 /* libavdevice.a in Frameworks */ = {isa = PBXBuildFile; fileRef = BFDAF3A01D7FBCCB00618868 /* libavdevice.a */; };
		BFDAF3AF1D7FBCCB00618868 /* libavfilter.a in Frameworks */ = {isa = PBXBuildFile; fileRef = BFDAF3A11D7FBCCB00618868 /* libavfilter.a */; };
		BFDAF3B01D7FBCCB00618868 /* libavformat.a in Frameworks */ = {isa = PBXBuildFile; fileRef = BFDAF3A21D7FBCCB00618868 /* libavformat.a */; };
		BFDAF3B11D7FBCCB00618868 /* libavutil.a in Frameworks */ = {isa = PBXBuildFile; fileRef = BFDAF3A31D7FBCCB00618868 /* libavutil.a */; };
		BFDAF3B21D7FBCCB00618868 /* libpostproc.a in Frameworks */ = {isa = PBXBuildFile; fileRef = BFDAF3A41D7FBCCB00618868 /* libpostproc.a */; };
		BFDAF3B31D7FBCCB00618868 /* libswresample.a in Frameworks */ = {isa = PBXBuildFile; fileRef = BFDAF3A51D7FBCCB00618868 /* libswresample.a */; };
		BFDAF3B41D7FBCCB00618868 /* libswscale.a in Frameworks */ = {isa = PBXBuildFile; fileRef = BFDAF3A61D7FBCCB00618868 /* libswscale.a */; };
		BFDAF3B51D7FBCCB00618868 /* libx264.a in Frameworks */ = {isa = PBXBuildFile; fileRef = BFDAF3AC1D7FBCCB00618868 /* libx264.a */; };
		BFDAF3B71D7FBD5000618868 /* VideoToolbox.framework in Frameworks */ = {isa = PBXBuildFile; fileRef = BFDAF3B61D7FBD5000618868 /* VideoToolbox.framework */; };
		BFDAF3B91D7FBDAB00618868 /* libiconv.2.4.0.tbd in Frameworks */ = {isa = PBXBuildFile; fileRef = BFDAF3B81D7FBDAB00618868 /* libiconv.2.4.0.tbd */; };
		BFDAF3BB1D7FBDB800618868 /* libbz2.1.0.tbd in Frameworks */ = {isa = PBXBuildFile; fileRef = BFDAF3BA1D7FBDB800618868 /* libbz2.1.0.tbd */; };
		BFDAF3BD1D7FBDC300618868 /* libz.1.2.5.tbd in Frameworks */ = {isa = PBXBuildFile; fileRef = BFDAF3BC1D7FBDC300618868 /* libz.1.2.5.tbd */; };
		BFF1ABBA1D8791A40054FC8C /* ABSPreviewView.m in Sources */ = {isa = PBXBuildFile; fileRef = BFF1ABB91D8791A40054FC8C /* ABSPreviewView.m */; };
/* End PBXBuildFile section */

/* Begin PBXContainerItemProxy section */
		BF35DACE1D7954A000034160 /* PBXContainerItemProxy */ = {
			isa = PBXContainerItemProxy;
			containerPortal = BF35DAAC1D7954A000034160 /* Project object */;
			proxyType = 1;
			remoteGlobalIDString = BF35DAB31D7954A000034160;
			remoteInfo = CameraRtmpSDK;
		};
		BF35DAD91D7954A000034160 /* PBXContainerItemProxy */ = {
			isa = PBXContainerItemProxy;
			containerPortal = BF35DAAC1D7954A000034160 /* Project object */;
			proxyType = 1;
			remoteGlobalIDString = BF35DAB31D7954A000034160;
			remoteInfo = CameraRtmpSDK;
		};
/* End PBXContainerItemProxy section */

/* Begin PBXFileReference section */
		BF1E9AB01D89650A003FC5F3 /* CameraSource.h */ = {isa = PBXFileReference; fileEncoding = 4; lastKnownFileType = sourcecode.c.h; path = CameraSource.h; sourceTree = "<group>"; };
		BF1E9AB11D89650A003FC5F3 /* CameraSource.mm */ = {isa = PBXFileReference; fileEncoding = 4; lastKnownFileType = sourcecode.cpp.objcpp; path = CameraSource.mm; sourceTree = "<group>"; };
		BF2345591DE54BBE001FABEA /* MicSource.h */ = {isa = PBXFileReference; fileEncoding = 4; lastKnownFileType = sourcecode.c.h; path = MicSource.h; sourceTree = "<group>"; };
		BF23455A1DE54BBE001FABEA /* MicSource.mm */ = {isa = PBXFileReference; fileEncoding = 4; lastKnownFileType = sourcecode.cpp.objcpp; path = MicSource.mm; sourceTree = "<group>"; };
		BF23455D1DE57650001FABEA /* AudioToolbox.framework */ = {isa = PBXFileReference; lastKnownFileType = wrapper.framework; name = AudioToolbox.framework; path = System/Library/Frameworks/AudioToolbox.framework; sourceTree = SDKROOT; };
		BF2345761DE58C3F001FABEA /* IMetaData.cpp */ = {isa = PBXFileReference; fileEncoding = 4; lastKnownFileType = sourcecode.cpp.cpp; path = IMetaData.cpp; sourceTree = "<group>"; };
		BF2345771DE58C3F001FABEA /* IMetaData.hpp */ = {isa = PBXFileReference; fileEncoding = 4; lastKnownFileType = sourcecode.cpp.h; path = IMetaData.hpp; sourceTree = "<group>"; };
		BF2345791DE5906E001FABEA /* IAudioMixer.hpp */ = {isa = PBXFileReference; lastKnownFileType = sourcecode.cpp.h; path = IAudioMixer.hpp; sourceTree = "<group>"; };
		BF23457A1DE59F60001FABEA /* AACEncoder.cpp */ = {isa = PBXFileReference; fileEncoding = 4; lastKnownFileType = sourcecode.cpp.cpp; path = AACEncoder.cpp; sourceTree = "<group>"; };
		BF23457B1DE59F60001FABEA /* AACEncoder.hpp */ = {isa = PBXFileReference; fileEncoding = 4; lastKnownFileType = sourcecode.cpp.h; path = AACEncoder.hpp; sourceTree = "<group>"; };
		BF35DAB41D7954A000034160 /* CameraRtmpSDK.app */ = {isa = PBXFileReference; explicitFileType = wrapper.application; includeInIndex = 0; path = CameraRtmpSDK.app; sourceTree = BUILT_PRODUCTS_DIR; };
		BF35DAB81D7954A000034160 /* main.m */ = {isa = PBXFileReference; lastKnownFileType = sourcecode.c.objc; path = main.m; sourceTree = "<group>"; };
		BF35DABA1D7954A000034160 /* AppDelegate.h */ = {isa = PBXFileReference; lastKnownFileType = sourcecode.c.h; path = AppDelegate.h; sourceTree = "<group>"; };
		BF35DABB1D7954A000034160 /* AppDelegate.m */ = {isa = PBXFileReference; lastKnownFileType = sourcecode.c.objc; path = AppDelegate.m; sourceTree = "<group>"; };
		BF35DABD1D7954A000034160 /* ViewController.h */ = {isa = PBXFileReference; lastKnownFileType = sourcecode.c.h; path = ViewController.h; sourceTree = "<group>"; };
		BF35DABE1D7954A000034160 /* ViewController.mm */ = {isa = PBXFileReference; lastKnownFileType = sourcecode.cpp.objcpp; path = ViewController.mm; sourceTree = "<group>"; };
		BF35DAC11D7954A000034160 /* Base */ = {isa = PBXFileReference; lastKnownFileType = file.storyboard; name = Base; path = Base.lproj/Main.storyboard; sourceTree = "<group>"; };
		BF35DAC31D7954A000034160 /* Assets.xcassets */ = {isa = PBXFileReference; lastKnownFileType = folder.assetcatalog; path = Assets.xcassets; sourceTree = "<group>"; };
		BF35DAC61D7954A000034160 /* Base */ = {isa = PBXFileReference; lastKnownFileType = file.storyboard; name = Base; path = Base.lproj/LaunchScreen.storyboard; sourceTree = "<group>"; };
		BF35DAC81D7954A000034160 /* Info.plist */ = {isa = PBXFileReference; lastKnownFileType = text.plist.xml; path = Info.plist; sourceTree = "<group>"; };
		BF35DACD1D7954A000034160 /* CameraRtmpSDKTests.xctest */ = {isa = PBXFileReference; explicitFileType = wrapper.cfbundle; includeInIndex = 0; path = CameraRtmpSDKTests.xctest; sourceTree = BUILT_PRODUCTS_DIR; };
		BF35DAD11D7954A000034160 /* CameraRtmpSDKTests.m */ = {isa = PBXFileReference; lastKnownFileType = sourcecode.c.objc; path = CameraRtmpSDKTests.m; sourceTree = "<group>"; };
		BF35DAD31D7954A000034160 /* Info.plist */ = {isa = PBXFileReference; lastKnownFileType = text.plist.xml; path = Info.plist; sourceTree = "<group>"; };
		BF35DAD81D7954A000034160 /* CameraRtmpSDKUITests.xctest */ = {isa = PBXFileReference; explicitFileType = wrapper.cfbundle; includeInIndex = 0; path = CameraRtmpSDKUITests.xctest; sourceTree = BUILT_PRODUCTS_DIR; };
		BF35DADC1D7954A000034160 /* CameraRtmpSDKUITests.m */ = {isa = PBXFileReference; lastKnownFileType = sourcecode.c.objc; path = CameraRtmpSDKUITests.m; sourceTree = "<group>"; };
		BF35DADE1D7954A000034160 /* Info.plist */ = {isa = PBXFileReference; lastKnownFileType = text.plist.xml; path = Info.plist; sourceTree = "<group>"; };
		BF575B4C1D7EEF6A00469737 /* H264Encode.mm */ = {isa = PBXFileReference; fileEncoding = 4; lastKnownFileType = sourcecode.cpp.objcpp; path = H264Encode.mm; sourceTree = "<group>"; };
		BF575B4D1D7EEF6A00469737 /* H264Encode.h */ = {isa = PBXFileReference; fileEncoding = 4; lastKnownFileType = sourcecode.c.h; path = H264Encode.h; sourceTree = "<group>"; };
		BF575B501D7EEF7E00469737 /* IEncoder.hpp */ = {isa = PBXFileReference; fileEncoding = 4; lastKnownFileType = sourcecode.cpp.h; path = IEncoder.hpp; sourceTree = "<group>"; };
		BF718B1C1D7EB6290052CAE7 /* H264Packetizer.cpp */ = {isa = PBXFileReference; fileEncoding = 4; lastKnownFileType = sourcecode.cpp.cpp; path = H264Packetizer.cpp; sourceTree = "<group>"; };
		BF718B1D1D7EB6290052CAE7 /* H264Packetizer.hpp */ = {isa = PBXFileReference; fileEncoding = 4; lastKnownFileType = sourcecode.cpp.h; path = H264Packetizer.hpp; sourceTree = "<group>"; };
		BFAA7F4E1D7D64D4009C0387 /* ABSSimpleSession.h */ = {isa = PBXFileReference; fileEncoding = 4; lastKnownFileType = sourcecode.c.h; path = ABSSimpleSession.h; sourceTree = "<group>"; };
		BFAA7F4F1D7D64D4009C0387 /* ABSSimpleSession.mm */ = {isa = PBXFileReference; fileEncoding = 4; lastKnownFileType = sourcecode.cpp.objcpp; path = ABSSimpleSession.mm; sourceTree = "<group>"; };
		BFAA7F521D7D6872009C0387 /* AVFoundation.framework */ = {isa = PBXFileReference; lastKnownFileType = wrapper.framework; name = AVFoundation.framework; path = System/Library/Frameworks/AVFoundation.framework; sourceTree = SDKROOT; };
		BFAA7F541D7D6FBE009C0387 /* CoreMedia.framework */ = {isa = PBXFileReference; lastKnownFileType = wrapper.framework; name = CoreMedia.framework; path = System/Library/Frameworks/CoreMedia.framework; sourceTree = SDKROOT; };
		BFAA7F5B1D7E6B8E009C0387 /* IPixleBuffer.hpp */ = {isa = PBXFileReference; fileEncoding = 4; lastKnownFileType = sourcecode.cpp.h; path = IPixleBuffer.hpp; sourceTree = "<group>"; };
		BFAA7F5D1D7E6DDB009C0387 /* PixelBuffer.cpp */ = {isa = PBXFileReference; fileEncoding = 4; lastKnownFileType = sourcecode.cpp.cpp; path = PixelBuffer.cpp; sourceTree = "<group>"; };
		BFAA7F5E1D7E6DDB009C0387 /* PixelBuffer.hpp */ = {isa = PBXFileReference; fileEncoding = 4; lastKnownFileType = sourcecode.cpp.h; path = PixelBuffer.hpp; sourceTree = "<group>"; };
		BFAA7F671D7E82E8009C0387 /* IOutput.hpp */ = {isa = PBXFileReference; fileEncoding = 4; lastKnownFileType = sourcecode.cpp.h; path = IOutput.hpp; sourceTree = "<group>"; };
		BFAA7F691D7E838B009C0387 /* ITransform.cpp */ = {isa = PBXFileReference; fileEncoding = 4; lastKnownFileType = sourcecode.cpp.cpp; path = ITransform.cpp; sourceTree = "<group>"; };
		BFAA7F6A1D7E838B009C0387 /* ITransform.hpp */ = {isa = PBXFileReference; fileEncoding = 4; lastKnownFileType = sourcecode.cpp.h; path = ITransform.hpp; sourceTree = "<group>"; };
		BFC414031FAA186F007D9FDD /* AACParser.cpp */ = {isa = PBXFileReference; fileEncoding = 4; lastKnownFileType = sourcecode.cpp.cpp; path = AACParser.cpp; sourceTree = "<group>"; };
		BFC414041FAA186F007D9FDD /* AACParser.hpp */ = {isa = PBXFileReference; fileEncoding = 4; lastKnownFileType = sourcecode.cpp.h; path = AACParser.hpp; sourceTree = "<group>"; };
		BFC414051FAA186F007D9FDD /* H264Parser.cpp */ = {isa = PBXFileReference; fileEncoding = 4; lastKnownFileType = sourcecode.cpp.cpp; path = H264Parser.cpp; sourceTree = "<group>"; };
		BFC414061FAA186F007D9FDD /* H264Parser.hpp */ = {isa = PBXFileReference; fileEncoding = 4; lastKnownFileType = sourcecode.cpp.h; path = H264Parser.hpp; sourceTree = "<group>"; };
		BFDAF3331D7FBCCB00618868 /* avcodec.h */ = {isa = PBXFileReference; fileEncoding = 4; lastKnownFileType = sourcecode.c.h; path = avcodec.h; sourceTree = "<group>"; };
		BFDAF3341D7FBCCB00618868 /* avdct.h */ = {isa = PBXFileReference; fileEncoding = 4; lastKnownFileType = sourcecode.c.h; path = avdct.h; sourceTree = "<group>"; };
		BFDAF3351D7FBCCB00618868 /* avfft.h */ = {isa = PBXFileReference; fileEncoding = 4; lastKnownFileType = sourcecode.c.h; path = avfft.h; sourceTree = "<group>"; };
		BFDAF3361D7FBCCB00618868 /* d3d11va.h */ = {isa = PBXFileReference; fileEncoding = 4; lastKnownFileType = sourcecode.c.h; path = d3d11va.h; sourceTree = "<group>"; };
		BFDAF3371D7FBCCB00618868 /* dirac.h */ = {isa = PBXFileReference; fileEncoding = 4; lastKnownFileType = sourcecode.c.h; path = dirac.h; sourceTree = "<group>"; };
		BFDAF3381D7FBCCB00618868 /* dv_profile.h */ = {isa = PBXFileReference; fileEncoding = 4; lastKnownFileType = sourcecode.c.h; path = dv_profile.h; sourceTree = "<group>"; };
		BFDAF3391D7FBCCB00618868 /* dxva2.h */ = {isa = PBXFileReference; fileEncoding = 4; lastKnownFileType = sourcecode.c.h; path = dxva2.h; sourceTree = "<group>"; };
		BFDAF33A1D7FBCCB00618868 /* qsv.h */ = {isa = PBXFileReference; fileEncoding = 4; lastKnownFileType = sourcecode.c.h; path = qsv.h; sourceTree = "<group>"; };
		BFDAF33B1D7FBCCB00618868 /* vaapi.h */ = {isa = PBXFileReference; fileEncoding = 4; lastKnownFileType = sourcecode.c.h; path = vaapi.h; sourceTree = "<group>"; };
		BFDAF33C1D7FBCCB00618868 /* vda.h */ = {isa = PBXFileReference; fileEncoding = 4; lastKnownFileType = sourcecode.c.h; path = vda.h; sourceTree = "<group>"; };
		BFDAF33D1D7FBCCB00618868 /* vdpau.h */ = {isa = PBXFileReference; fileEncoding = 4; lastKnownFileType = sourcecode.c.h; path = vdpau.h; sourceTree = "<group>"; };
		BFDAF33E1D7FBCCB00618868 /* version.h */ = {isa = PBXFileReference; fileEncoding = 4; lastKnownFileType = sourcecode.c.h; path = version.h; sourceTree = "<group>"; };
		BFDAF33F1D7FBCCB00618868 /* videotoolbox.h */ = {isa = PBXFileReference; fileEncoding = 4; lastKnownFileType = sourcecode.c.h; path = videotoolbox.h; sourceTree = "<group>"; };
		BFDAF3401D7FBCCB00618868 /* vorbis_parser.h */ = {isa = PBXFileReference; fileEncoding = 4; lastKnownFileType = sourcecode.c.h; path = vorbis_parser.h; sourceTree = "<group>"; };
		BFDAF3411D7FBCCB00618868 /* xvmc.h */ = {isa = PBXFileReference; fileEncoding = 4; lastKnownFileType = sourcecode.c.h; path = xvmc.h; sourceTree = "<group>"; };
		BFDAF3431D7FBCCB00618868 /* avdevice.h */ = {isa = PBXFileReference; fileEncoding = 4; lastKnownFileType = sourcecode.c.h; path = avdevice.h; sourceTree = "<group>"; };
		BFDAF3441D7FBCCB00618868 /* version.h */ = {isa = PBXFileReference; fileEncoding = 4; lastKnownFileType = sourcecode.c.h; path = version.h; sourceTree = "<group>"; };
		BFDAF3461D7FBCCB00618868 /* avfilter.h */ = {isa = PBXFileReference; fileEncoding = 4; lastKnownFileType = sourcecode.c.h; path = avfilter.h; sourceTree = "<group>"; };
		BFDAF3471D7FBCCB00618868 /* avfiltergraph.h */ = {isa = PBXFileReference; fileEncoding = 4; lastKnownFileType = sourcecode.c.h; path = avfiltergraph.h; sourceTree = "<group>"; };
		BFDAF3481D7FBCCB00618868 /* buffersink.h */ = {isa = PBXFileReference; fileEncoding = 4; lastKnownFileType = sourcecode.c.h; path = buffersink.h; sourceTree = "<group>"; };
		BFDAF3491D7FBCCB00618868 /* buffersrc.h */ = {isa = PBXFileReference; fileEncoding = 4; lastKnownFileType = sourcecode.c.h; path = buffersrc.h; sourceTree = "<group>"; };
		BFDAF34A1D7FBCCB00618868 /* version.h */ = {isa = PBXFileReference; fileEncoding = 4; lastKnownFileType = sourcecode.c.h; path = version.h; sourceTree = "<group>"; };
		BFDAF34C1D7FBCCB00618868 /* avformat.h */ = {isa = PBXFileReference; fileEncoding = 4; lastKnownFileType = sourcecode.c.h; path = avformat.h; sourceTree = "<group>"; };
		BFDAF34D1D7FBCCB00618868 /* avio.h */ = {isa = PBXFileReference; fileEncoding = 4; lastKnownFileType = sourcecode.c.h; path = avio.h; sourceTree = "<group>"; };
		BFDAF34E1D7FBCCB00618868 /* url.h */ = {isa = PBXFileReference; fileEncoding = 4; lastKnownFileType = sourcecode.c.h; path = url.h; sourceTree = "<group>"; };
		BFDAF34F1D7FBCCB00618868 /* version.h */ = {isa = PBXFileReference; fileEncoding = 4; lastKnownFileType = sourcecode.c.h; path = version.h; sourceTree = "<group>"; };
		BFDAF3511D7FBCCB00618868 /* adler32.h */ = {isa = PBXFileReference; fileEncoding = 4; lastKnownFileType = sourcecode.c.h; path = adler32.h; sourceTree = "<group>"; };
		BFDAF3521D7FBCCB00618868 /* aes.h */ = {isa = PBXFileReference; fileEncoding = 4; lastKnownFileType = sourcecode.c.h; path = aes.h; sourceTree = "<group>"; };
		BFDAF3531D7FBCCB00618868 /* aes_ctr.h */ = {isa = PBXFileReference; fileEncoding = 4; lastKnownFileType = sourcecode.c.h; path = aes_ctr.h; sourceTree = "<group>"; };
		BFDAF3541D7FBCCB00618868 /* attributes.h */ = {isa = PBXFileReference; fileEncoding = 4; lastKnownFileType = sourcecode.c.h; path = attributes.h; sourceTree = "<group>"; };
		BFDAF3551D7FBCCB00618868 /* audio_fifo.h */ = {isa = PBXFileReference; fileEncoding = 4; lastKnownFileType = sourcecode.c.h; path = audio_fifo.h; sourceTree = "<group>"; };
		BFDAF3561D7FBCCB00618868 /* avassert.h */ = {isa = PBXFileReference; fileEncoding = 4; lastKnownFileType = sourcecode.c.h; path = avassert.h; sourceTree = "<group>"; };
		BFDAF3571D7FBCCB00618868 /* avconfig.h */ = {isa = PBXFileReference; fileEncoding = 4; lastKnownFileType = sourcecode.c.h; path = avconfig.h; sourceTree = "<group>"; };
		BFDAF3581D7FBCCB00618868 /* avstring.h */ = {isa = PBXFileReference; fileEncoding = 4; lastKnownFileType = sourcecode.c.h; path = avstring.h; sourceTree = "<group>"; };
		BFDAF3591D7FBCCB00618868 /* avutil.h */ = {isa = PBXFileReference; fileEncoding = 4; lastKnownFileType = sourcecode.c.h; path = avutil.h; sourceTree = "<group>"; };
		BFDAF35A1D7FBCCB00618868 /* base64.h */ = {isa = PBXFileReference; fileEncoding = 4; lastKnownFileType = sourcecode.c.h; path = base64.h; sourceTree = "<group>"; };
		BFDAF35B1D7FBCCB00618868 /* blowfish.h */ = {isa = PBXFileReference; fileEncoding = 4; lastKnownFileType = sourcecode.c.h; path = blowfish.h; sourceTree = "<group>"; };
		BFDAF35C1D7FBCCB00618868 /* bprint.h */ = {isa = PBXFileReference; fileEncoding = 4; lastKnownFileType = sourcecode.c.h; path = bprint.h; sourceTree = "<group>"; };
		BFDAF35D1D7FBCCB00618868 /* bswap.h */ = {isa = PBXFileReference; fileEncoding = 4; lastKnownFileType = sourcecode.c.h; path = bswap.h; sourceTree = "<group>"; };
		BFDAF35E1D7FBCCB00618868 /* buffer.h */ = {isa = PBXFileReference; fileEncoding = 4; lastKnownFileType = sourcecode.c.h; path = buffer.h; sourceTree = "<group>"; };
		BFDAF35F1D7FBCCB00618868 /* camellia.h */ = {isa = PBXFileReference; fileEncoding = 4; lastKnownFileType = sourcecode.c.h; path = camellia.h; sourceTree = "<group>"; };
		BFDAF3601D7FBCCB00618868 /* cast5.h */ = {isa = PBXFileReference; fileEncoding = 4; lastKnownFileType = sourcecode.c.h; path = cast5.h; sourceTree = "<group>"; };
		BFDAF3611D7FBCCB00618868 /* channel_layout.h */ = {isa = PBXFileReference; fileEncoding = 4; lastKnownFileType = sourcecode.c.h; path = channel_layout.h; sourceTree = "<group>"; };
		BFDAF3621D7FBCCB00618868 /* common.h */ = {isa = PBXFileReference; fileEncoding = 4; lastKnownFileType = sourcecode.c.h; path = common.h; sourceTree = "<group>"; };
		BFDAF3631D7FBCCB00618868 /* cpu.h */ = {isa = PBXFileReference; fileEncoding = 4; lastKnownFileType = sourcecode.c.h; path = cpu.h; sourceTree = "<group>"; };
		BFDAF3641D7FBCCB00618868 /* crc.h */ = {isa = PBXFileReference; fileEncoding = 4; lastKnownFileType = sourcecode.c.h; path = crc.h; sourceTree = "<group>"; };
		BFDAF3651D7FBCCB00618868 /* des.h */ = {isa = PBXFileReference; fileEncoding = 4; lastKnownFileType = sourcecode.c.h; path = des.h; sourceTree = "<group>"; };
		BFDAF3661D7FBCCB00618868 /* dict.h */ = {isa = PBXFileReference; fileEncoding = 4; lastKnownFileType = sourcecode.c.h; path = dict.h; sourceTree = "<group>"; };
		BFDAF3671D7FBCCB00618868 /* display.h */ = {isa = PBXFileReference; fileEncoding = 4; lastKnownFileType = sourcecode.c.h; path = display.h; sourceTree = "<group>"; };
		BFDAF3681D7FBCCB00618868 /* downmix_info.h */ = {isa = PBXFileReference; fileEncoding = 4; lastKnownFileType = sourcecode.c.h; path = downmix_info.h; sourceTree = "<group>"; };
		BFDAF3691D7FBCCB00618868 /* error.h */ = {isa = PBXFileReference; fileEncoding = 4; lastKnownFileType = sourcecode.c.h; path = error.h; sourceTree = "<group>"; };
		BFDAF36A1D7FBCCB00618868 /* eval.h */ = {isa = PBXFileReference; fileEncoding = 4; lastKnownFileType = sourcecode.c.h; path = eval.h; sourceTree = "<group>"; };
		BFDAF36B1D7FBCCB00618868 /* ffversion.h */ = {isa = PBXFileReference; fileEncoding = 4; lastKnownFileType = sourcecode.c.h; path = ffversion.h; sourceTree = "<group>"; };
		BFDAF36C1D7FBCCB00618868 /* fifo.h */ = {isa = PBXFileReference; fileEncoding = 4; lastKnownFileType = sourcecode.c.h; path = fifo.h; sourceTree = "<group>"; };
		BFDAF36D1D7FBCCB00618868 /* file.h */ = {isa = PBXFileReference; fileEncoding = 4; lastKnownFileType = sourcecode.c.h; path = file.h; sourceTree = "<group>"; };
		BFDAF36E1D7FBCCB00618868 /* frame.h */ = {isa = PBXFileReference; fileEncoding = 4; lastKnownFileType = sourcecode.c.h; path = frame.h; sourceTree = "<group>"; };
		BFDAF36F1D7FBCCB00618868 /* hash.h */ = {isa = PBXFileReference; fileEncoding = 4; lastKnownFileType = sourcecode.c.h; path = hash.h; sourceTree = "<group>"; };
		BFDAF3701D7FBCCB00618868 /* hmac.h */ = {isa = PBXFileReference; fileEncoding = 4; lastKnownFileType = sourcecode.c.h; path = hmac.h; sourceTree = "<group>"; };
		BFDAF3711D7FBCCB00618868 /* imgutils.h */ = {isa = PBXFileReference; fileEncoding = 4; lastKnownFileType = sourcecode.c.h; path = imgutils.h; sourceTree = "<group>"; };
		BFDAF3721D7FBCCB00618868 /* intfloat.h */ = {isa = PBXFileReference; fileEncoding = 4; lastKnownFileType = sourcecode.c.h; path = intfloat.h; sourceTree = "<group>"; };
		BFDAF3731D7FBCCB00618868 /* intreadwrite.h */ = {isa = PBXFileReference; fileEncoding = 4; lastKnownFileType = sourcecode.c.h; path = intreadwrite.h; sourceTree = "<group>"; };
		BFDAF3741D7FBCCB00618868 /* lfg.h */ = {isa = PBXFileReference; fileEncoding = 4; lastKnownFileType = sourcecode.c.h; path = lfg.h; sourceTree = "<group>"; };
		BFDAF3751D7FBCCB00618868 /* log.h */ = {isa = PBXFileReference; fileEncoding = 4; lastKnownFileType = sourcecode.c.h; path = log.h; sourceTree = "<group>"; };
		BFDAF3761D7FBCCB00618868 /* lzo.h */ = {isa = PBXFileReference; fileEncoding = 4; lastKnownFileType = sourcecode.c.h; path = lzo.h; sourceTree = "<group>"; };
		BFDAF3771D7FBCCB00618868 /* macros.h */ = {isa = PBXFileReference; fileEncoding = 4; lastKnownFileType = sourcecode.c.h; path = macros.h; sourceTree = "<group>"; };
		BFDAF3781D7FBCCB00618868 /* mastering_display_metadata.h */ = {isa = PBXFileReference; fileEncoding = 4; lastKnownFileType = sourcecode.c.h; path = mastering_display_metadata.h; sourceTree = "<group>"; };
		BFDAF3791D7FBCCB00618868 /* mathematics.h */ = {isa = PBXFileReference; fileEncoding = 4; lastKnownFileType = sourcecode.c.h; path = mathematics.h; sourceTree = "<group>"; };
		BFDAF37A1D7FBCCB00618868 /* md5.h */ = {isa = PBXFileReference; fileEncoding = 4; lastKnownFileType = sourcecode.c.h; path = md5.h; sourceTree = "<group>"; };
		BFDAF37B1D7FBCCB00618868 /* mem.h */ = {isa = PBXFileReference; fileEncoding = 4; lastKnownFileType = sourcecode.c.h; path = mem.h; sourceTree = "<group>"; };
		BFDAF37C1D7FBCCB00618868 /* motion_vector.h */ = {isa = PBXFileReference; fileEncoding = 4; lastKnownFileType = sourcecode.c.h; path = motion_vector.h; sourceTree = "<group>"; };
		BFDAF37D1D7FBCCB00618868 /* murmur3.h */ = {isa = PBXFileReference; fileEncoding = 4; lastKnownFileType = sourcecode.c.h; path = murmur3.h; sourceTree = "<group>"; };
		BFDAF37E1D7FBCCB00618868 /* opt.h */ = {isa = PBXFileReference; fileEncoding = 4; lastKnownFileType = sourcecode.c.h; path = opt.h; sourceTree = "<group>"; };
		BFDAF37F1D7FBCCB00618868 /* parseutils.h */ = {isa = PBXFileReference; fileEncoding = 4; lastKnownFileType = sourcecode.c.h; path = parseutils.h; sourceTree = "<group>"; };
		BFDAF3801D7FBCCB00618868 /* pixdesc.h */ = {isa = PBXFileReference; fileEncoding = 4; lastKnownFileType = sourcecode.c.h; path = pixdesc.h; sourceTree = "<group>"; };
		BFDAF3811D7FBCCB00618868 /* pixelutils.h */ = {isa = PBXFileReference; fileEncoding = 4; lastKnownFileType = sourcecode.c.h; path = pixelutils.h; sourceTree = "<group>"; };
		BFDAF3821D7FBCCB00618868 /* pixfmt.h */ = {isa = PBXFileReference; fileEncoding = 4; lastKnownFileType = sourcecode.c.h; path = pixfmt.h; sourceTree = "<group>"; };
		BFDAF3831D7FBCCB00618868 /* random_seed.h */ = {isa = PBXFileReference; fileEncoding = 4; lastKnownFileType = sourcecode.c.h; path = random_seed.h; sourceTree = "<group>"; };
		BFDAF3841D7FBCCB00618868 /* rational.h */ = {isa = PBXFileReference; fileEncoding = 4; lastKnownFileType = sourcecode.c.h; path = rational.h; sourceTree = "<group>"; };
		BFDAF3851D7FBCCB00618868 /* rc4.h */ = {isa = PBXFileReference; fileEncoding = 4; lastKnownFileType = sourcecode.c.h; path = rc4.h; sourceTree = "<group>"; };
		BFDAF3861D7FBCCB00618868 /* replaygain.h */ = {isa = PBXFileReference; fileEncoding = 4; lastKnownFileType = sourcecode.c.h; path = replaygain.h; sourceTree = "<group>"; };
		BFDAF3871D7FBCCB00618868 /* ripemd.h */ = {isa = PBXFileReference; fileEncoding = 4; lastKnownFileType = sourcecode.c.h; path = ripemd.h; sourceTree = "<group>"; };
		BFDAF3881D7FBCCB00618868 /* samplefmt.h */ = {isa = PBXFileReference; fileEncoding = 4; lastKnownFileType = sourcecode.c.h; path = samplefmt.h; sourceTree = "<group>"; };
		BFDAF3891D7FBCCB00618868 /* sha.h */ = {isa = PBXFileReference; fileEncoding = 4; lastKnownFileType = sourcecode.c.h; path = sha.h; sourceTree = "<group>"; };
		BFDAF38A1D7FBCCB00618868 /* sha512.h */ = {isa = PBXFileReference; fileEncoding = 4; lastKnownFileType = sourcecode.c.h; path = sha512.h; sourceTree = "<group>"; };
		BFDAF38B1D7FBCCB00618868 /* stereo3d.h */ = {isa = PBXFileReference; fileEncoding = 4; lastKnownFileType = sourcecode.c.h; path = stereo3d.h; sourceTree = "<group>"; };
		BFDAF38C1D7FBCCB00618868 /* tea.h */ = {isa = PBXFileReference; fileEncoding = 4; lastKnownFileType = sourcecode.c.h; path = tea.h; sourceTree = "<group>"; };
		BFDAF38D1D7FBCCB00618868 /* threadmessage.h */ = {isa = PBXFileReference; fileEncoding = 4; lastKnownFileType = sourcecode.c.h; path = threadmessage.h; sourceTree = "<group>"; };
		BFDAF38E1D7FBCCB00618868 /* time.h */ = {isa = PBXFileReference; fileEncoding = 4; lastKnownFileType = sourcecode.c.h; path = time.h; sourceTree = "<group>"; };
		BFDAF38F1D7FBCCB00618868 /* timecode.h */ = {isa = PBXFileReference; fileEncoding = 4; lastKnownFileType = sourcecode.c.h; path = timecode.h; sourceTree = "<group>"; };
		BFDAF3901D7FBCCB00618868 /* timestamp.h */ = {isa = PBXFileReference; fileEncoding = 4; lastKnownFileType = sourcecode.c.h; path = timestamp.h; sourceTree = "<group>"; };
		BFDAF3911D7FBCCB00618868 /* tree.h */ = {isa = PBXFileReference; fileEncoding = 4; lastKnownFileType = sourcecode.c.h; path = tree.h; sourceTree = "<group>"; };
		BFDAF3921D7FBCCB00618868 /* twofish.h */ = {isa = PBXFileReference; fileEncoding = 4; lastKnownFileType = sourcecode.c.h; path = twofish.h; sourceTree = "<group>"; };
		BFDAF3931D7FBCCB00618868 /* version.h */ = {isa = PBXFileReference; fileEncoding = 4; lastKnownFileType = sourcecode.c.h; path = version.h; sourceTree = "<group>"; };
		BFDAF3941D7FBCCB00618868 /* xtea.h */ = {isa = PBXFileReference; fileEncoding = 4; lastKnownFileType = sourcecode.c.h; path = xtea.h; sourceTree = "<group>"; };
		BFDAF3961D7FBCCB00618868 /* postprocess.h */ = {isa = PBXFileReference; fileEncoding = 4; lastKnownFileType = sourcecode.c.h; path = postprocess.h; sourceTree = "<group>"; };
		BFDAF3971D7FBCCB00618868 /* version.h */ = {isa = PBXFileReference; fileEncoding = 4; lastKnownFileType = sourcecode.c.h; path = version.h; sourceTree = "<group>"; };
		BFDAF3991D7FBCCB00618868 /* swresample.h */ = {isa = PBXFileReference; fileEncoding = 4; lastKnownFileType = sourcecode.c.h; path = swresample.h; sourceTree = "<group>"; };
		BFDAF39A1D7FBCCB00618868 /* version.h */ = {isa = PBXFileReference; fileEncoding = 4; lastKnownFileType = sourcecode.c.h; path = version.h; sourceTree = "<group>"; };
		BFDAF39C1D7FBCCB00618868 /* swscale.h */ = {isa = PBXFileReference; fileEncoding = 4; lastKnownFileType = sourcecode.c.h; path = swscale.h; sourceTree = "<group>"; };
		BFDAF39D1D7FBCCB00618868 /* version.h */ = {isa = PBXFileReference; fileEncoding = 4; lastKnownFileType = sourcecode.c.h; path = version.h; sourceTree = "<group>"; };
		BFDAF39F1D7FBCCB00618868 /* libavcodec.a */ = {isa = PBXFileReference; lastKnownFileType = archive.ar; path = libavcodec.a; sourceTree = "<group>"; };
		BFDAF3A01D7FBCCB00618868 /* libavdevice.a */ = {isa = PBXFileReference; lastKnownFileType = archive.ar; path = libavdevice.a; sourceTree = "<group>"; };
		BFDAF3A11D7FBCCB00618868 /* libavfilter.a */ = {isa = PBXFileReference; lastKnownFileType = archive.ar; path = libavfilter.a; sourceTree = "<group>"; };
		BFDAF3A21D7FBCCB00618868 /* libavformat.a */ = {isa = PBXFileReference; lastKnownFileType = archive.ar; path = libavformat.a; sourceTree = "<group>"; };
		BFDAF3A31D7FBCCB00618868 /* libavutil.a */ = {isa = PBXFileReference; lastKnownFileType = archive.ar; path = libavutil.a; sourceTree = "<group>"; };
		BFDAF3A41D7FBCCB00618868 /* libpostproc.a */ = {isa = PBXFileReference; lastKnownFileType = archive.ar; path = libpostproc.a; sourceTree = "<group>"; };
		BFDAF3A51D7FBCCB00618868 /* libswresample.a */ = {isa = PBXFileReference; lastKnownFileType = archive.ar; path = libswresample.a; sourceTree = "<group>"; };
		BFDAF3A61D7FBCCB00618868 /* libswscale.a */ = {isa = PBXFileReference; lastKnownFileType = archive.ar; path = libswscale.a; sourceTree = "<group>"; };
		BFDAF3A91D7FBCCB00618868 /* x264.h */ = {isa = PBXFileReference; fileEncoding = 4; lastKnownFileType = sourcecode.c.h; path = x264.h; sourceTree = "<group>"; };
		BFDAF3AA1D7FBCCB00618868 /* x264_config.h */ = {isa = PBXFileReference; fileEncoding = 4; lastKnownFileType = sourcecode.c.h; path = x264_config.h; sourceTree = "<group>"; };
		BFDAF3AC1D7FBCCB00618868 /* libx264.a */ = {isa = PBXFileReference; lastKnownFileType = archive.ar; path = libx264.a; sourceTree = "<group>"; };
		BFDAF3B61D7FBD5000618868 /* VideoToolbox.framework */ = {isa = PBXFileReference; lastKnownFileType = wrapper.framework; name = VideoToolbox.framework; path = System/Library/Frameworks/VideoToolbox.framework; sourceTree = SDKROOT; };
		BFDAF3B81D7FBDAB00618868 /* libiconv.2.4.0.tbd */ = {isa = PBXFileReference; lastKnownFileType = "sourcecode.text-based-dylib-definition"; name = libiconv.2.4.0.tbd; path = usr/lib/libiconv.2.4.0.tbd; sourceTree = SDKROOT; };
		BFDAF3BA1D7FBDB800618868 /* libbz2.1.0.tbd */ = {isa = PBXFileReference; lastKnownFileType = "sourcecode.text-based-dylib-definition"; name = libbz2.1.0.tbd; path = usr/lib/libbz2.1.0.tbd; sourceTree = SDKROOT; };
		BFDAF3BC1D7FBDC300618868 /* libz.1.2.5.tbd */ = {isa = PBXFileReference; lastKnownFileType = "sourcecode.text-based-dylib-definition"; name = libz.1.2.5.tbd; path = usr/lib/libz.1.2.5.tbd; sourceTree = SDKROOT; };
		BFF1ABB81D8791A40054FC8C /* ABSPreviewView.h */ = {isa = PBXFileReference; fileEncoding = 4; lastKnownFileType = sourcecode.c.h; path = ABSPreviewView.h; sourceTree = "<group>"; };
		BFF1ABB91D8791A40054FC8C /* ABSPreviewView.m */ = {isa = PBXFileReference; fileEncoding = 4; lastKnownFileType = sourcecode.c.objc; path = ABSPreviewView.m; sourceTree = "<group>"; };
		BFF1ABBB1D881F0B0054FC8C /* PrefixHeader.pch */ = {isa = PBXFileReference; lastKnownFileType = sourcecode.c.h; path = PrefixHeader.pch; sourceTree = "<group>"; };
/* End PBXFileReference section */

/* Begin PBXFrameworksBuildPhase section */
		BF35DAB11D7954A000034160 /* Frameworks */ = {
			isa = PBXFrameworksBuildPhase;
			buildActionMask = 2147483647;
			files = (
				BF23455E1DE57650001FABEA /* AudioToolbox.framework in Frameworks */,
				BFDAF3BD1D7FBDC300618868 /* libz.1.2.5.tbd in Frameworks */,
				BFDAF3BB1D7FBDB800618868 /* libbz2.1.0.tbd in Frameworks */,
				BFDAF3B91D7FBDAB00618868 /* libiconv.2.4.0.tbd in Frameworks */,
				BFDAF3B71D7FBD5000618868 /* VideoToolbox.framework in Frameworks */,
				BFAA7F551D7D6FBE009C0387 /* CoreMedia.framework in Frameworks */,
				BFDAF3B31D7FBCCB00618868 /* libswresample.a in Frameworks */,
				BFDAF3AF1D7FBCCB00618868 /* libavfilter.a in Frameworks */,
				BFAA7F531D7D6872009C0387 /* AVFoundation.framework in Frameworks */,
				BFDAF3B01D7FBCCB00618868 /* libavformat.a in Frameworks */,
				BFDAF3B11D7FBCCB00618868 /* libavutil.a in Frameworks */,
				BFDAF3B41D7FBCCB00618868 /* libswscale.a in Frameworks */,
				BFDAF3B21D7FBCCB00618868 /* libpostproc.a in Frameworks */,
				BFDAF3B51D7FBCCB00618868 /* libx264.a in Frameworks */,
				BFDAF3AE1D7FBCCB00618868 /* libavdevice.a in Frameworks */,
				BFDAF3AD1D7FBCCB00618868 /* libavcodec.a in Frameworks */,
			);
			runOnlyForDeploymentPostprocessing = 0;
		};
		BF35DACA1D7954A000034160 /* Frameworks */ = {
			isa = PBXFrameworksBuildPhase;
			buildActionMask = 2147483647;
			files = (
			);
			runOnlyForDeploymentPostprocessing = 0;
		};
		BF35DAD51D7954A000034160 /* Frameworks */ = {
			isa = PBXFrameworksBuildPhase;
			buildActionMask = 2147483647;
			files = (
			);
			runOnlyForDeploymentPostprocessing = 0;
		};
/* End PBXFrameworksBuildPhase section */

/* Begin PBXGroup section */
		BF23455C1DE57650001FABEA /* Frameworks */ = {
			isa = PBXGroup;
			children = (
				BF23455D1DE57650001FABEA /* AudioToolbox.framework */,
			);
			name = Frameworks;
			sourceTree = "<group>";
		};
		BF2345721DE58A58001FABEA /* transforms */ = {
			isa = PBXGroup;
			children = (
				BF2345761DE58C3F001FABEA /* IMetaData.cpp */,
				BF2345771DE58C3F001FABEA /* IMetaData.hpp */,
				BF2345791DE5906E001FABEA /* IAudioMixer.hpp */,
			);
			path = transforms;
			sourceTree = "<group>";
		};
		BF35DAAB1D7954A000034160 = {
			isa = PBXGroup;
			children = (
				BF35DAB61D7954A000034160 /* CameraRtmpSDK */,
				BF35DAD01D7954A000034160 /* CameraRtmpSDKTests */,
				BF35DADB1D7954A000034160 /* CameraRtmpSDKUITests */,
				BF35DAB51D7954A000034160 /* Products */,
				BF23455C1DE57650001FABEA /* Frameworks */,
			);
			sourceTree = "<group>";
		};
		BF35DAB51D7954A000034160 /* Products */ = {
			isa = PBXGroup;
			children = (
				BF35DAB41D7954A000034160 /* CameraRtmpSDK.app */,
				BF35DACD1D7954A000034160 /* CameraRtmpSDKTests.xctest */,
				BF35DAD81D7954A000034160 /* CameraRtmpSDKUITests.xctest */,
			);
			name = Products;
			sourceTree = "<group>";
		};
		BF35DAB61D7954A000034160 /* CameraRtmpSDK */ = {
			isa = PBXGroup;
			children = (
				BF35DABA1D7954A000034160 /* AppDelegate.h */,
				BF35DABB1D7954A000034160 /* AppDelegate.m */,
				BF35DABD1D7954A000034160 /* ViewController.h */,
				BF35DABE1D7954A000034160 /* ViewController.mm */,
				BFF1ABBB1D881F0B0054FC8C /* PrefixHeader.pch */,
				BF647E121D7AAFA2004A7A52 /* PushSDK */,
				BF35DAC01D7954A000034160 /* Main.storyboard */,
				BF35DAC31D7954A000034160 /* Assets.xcassets */,
				BF35DAC51D7954A000034160 /* LaunchScreen.storyboard */,
				BF35DAC81D7954A000034160 /* Info.plist */,
				BF35DAB71D7954A000034160 /* Supporting Files */,
			);
			path = CameraRtmpSDK;
			sourceTree = "<group>";
		};
		BF35DAB71D7954A000034160 /* Supporting Files */ = {
			isa = PBXGroup;
			children = (
				BF35DAB81D7954A000034160 /* main.m */,
			);
			name = "Supporting Files";
			sourceTree = "<group>";
		};
		BF35DAD01D7954A000034160 /* CameraRtmpSDKTests */ = {
			isa = PBXGroup;
			children = (
				BF35DAD11D7954A000034160 /* CameraRtmpSDKTests.m */,
				BF35DAD31D7954A000034160 /* Info.plist */,
			);
			path = CameraRtmpSDKTests;
			sourceTree = "<group>";
		};
		BF35DADB1D7954A000034160 /* CameraRtmpSDKUITests */ = {
			isa = PBXGroup;
			children = (
				BF35DADC1D7954A000034160 /* CameraRtmpSDKUITests.m */,
				BF35DADE1D7954A000034160 /* Info.plist */,
			);
			path = CameraRtmpSDKUITests;
			sourceTree = "<group>";
		};
		BF647E121D7AAFA2004A7A52 /* PushSDK */ = {
			isa = PBXGroup;
			children = (
				BFDAF3301D7FBCCB00618868 /* FFmpeg-iOS */,
				BFAA7F4E1D7D64D4009C0387 /* ABSSimpleSession.h */,
				BFAA7F4F1D7D64D4009C0387 /* ABSSimpleSession.mm */,
				BFF1ABB81D8791A40054FC8C /* ABSPreviewView.h */,
				BFF1ABB91D8791A40054FC8C /* ABSPreviewView.m */,
				BF1E9AB01D89650A003FC5F3 /* CameraSource.h */,
				BF1E9AB11D89650A003FC5F3 /* CameraSource.mm */,
				BF2345591DE54BBE001FABEA /* MicSource.h */,
				BF23455A1DE54BBE001FABEA /* MicSource.mm */,
				BFAA7F5D1D7E6DDB009C0387 /* PixelBuffer.cpp */,
				BFAA7F5E1D7E6DDB009C0387 /* PixelBuffer.hpp */,
				BFAA7F5B1D7E6B8E009C0387 /* IPixleBuffer.hpp */,
				BFAA7F671D7E82E8009C0387 /* IOutput.hpp */,
				BFAA7F691D7E838B009C0387 /* ITransform.cpp */,
				BFAA7F6A1D7E838B009C0387 /* ITransform.hpp */,
				BF718B1C1D7EB6290052CAE7 /* H264Packetizer.cpp */,
				BF718B1D1D7EB6290052CAE7 /* H264Packetizer.hpp */,
				BF575B4C1D7EEF6A00469737 /* H264Encode.mm */,
				BF575B4D1D7EEF6A00469737 /* H264Encode.h */,
				BF23457A1DE59F60001FABEA /* AACEncoder.cpp */,
				BF23457B1DE59F60001FABEA /* AACEncoder.hpp */,
				BF575B501D7EEF7E00469737 /* IEncoder.hpp */,
				BFC414021FAA186F007D9FDD /* EncodeTestTool */,
				BF2345721DE58A58001FABEA /* transforms */,
				BFDAF3BC1D7FBDC300618868 /* libz.1.2.5.tbd */,
				BFDAF3BA1D7FBDB800618868 /* libbz2.1.0.tbd */,
				BFDAF3B81D7FBDAB00618868 /* libiconv.2.4.0.tbd */,
				BFDAF3B61D7FBD5000618868 /* VideoToolbox.framework */,
				BFAA7F541D7D6FBE009C0387 /* CoreMedia.framework */,
				BFAA7F521D7D6872009C0387 /* AVFoundation.framework */,
			);
			path = PushSDK;
			sourceTree = "<group>";
		};
		BFC414021FAA186F007D9FDD /* EncodeTestTool */ = {
			isa = PBXGroup;
			children = (
				BFC414031FAA186F007D9FDD /* AACParser.cpp */,
				BFC414041FAA186F007D9FDD /* AACParser.hpp */,
				BFC414051FAA186F007D9FDD /* H264Parser.cpp */,
				BFC414061FAA186F007D9FDD /* H264Parser.hpp */,
			);
			path = EncodeTestTool;
			sourceTree = "<group>";
		};
		BFDAF3301D7FBCCB00618868 /* FFmpeg-iOS */ = {
			isa = PBXGroup;
			children = (
				BFDAF3311D7FBCCB00618868 /* include */,
				BFDAF39E1D7FBCCB00618868 /* lib */,
				BFDAF3A71D7FBCCB00618868 /* x264-iOS */,
			);
			path = "FFmpeg-iOS";
			sourceTree = "<group>";
		};
		BFDAF3311D7FBCCB00618868 /* include */ = {
			isa = PBXGroup;
			children = (
				BFDAF3321D7FBCCB00618868 /* libavcodec */,
				BFDAF3421D7FBCCB00618868 /* libavdevice */,
				BFDAF3451D7FBCCB00618868 /* libavfilter */,
				BFDAF34B1D7FBCCB00618868 /* libavformat */,
				BFDAF3501D7FBCCB00618868 /* libavutil */,
				BFDAF3951D7FBCCB00618868 /* libpostproc */,
				BFDAF3981D7FBCCB00618868 /* libswresample */,
				BFDAF39B1D7FBCCB00618868 /* libswscale */,
			);
			path = include;
			sourceTree = "<group>";
		};
		BFDAF3321D7FBCCB00618868 /* libavcodec */ = {
			isa = PBXGroup;
			children = (
				BFDAF3331D7FBCCB00618868 /* avcodec.h */,
				BFDAF3341D7FBCCB00618868 /* avdct.h */,
				BFDAF3351D7FBCCB00618868 /* avfft.h */,
				BFDAF3361D7FBCCB00618868 /* d3d11va.h */,
				BFDAF3371D7FBCCB00618868 /* dirac.h */,
				BFDAF3381D7FBCCB00618868 /* dv_profile.h */,
				BFDAF3391D7FBCCB00618868 /* dxva2.h */,
				BFDAF33A1D7FBCCB00618868 /* qsv.h */,
				BFDAF33B1D7FBCCB00618868 /* vaapi.h */,
				BFDAF33C1D7FBCCB00618868 /* vda.h */,
				BFDAF33D1D7FBCCB00618868 /* vdpau.h */,
				BFDAF33E1D7FBCCB00618868 /* version.h */,
				BFDAF33F1D7FBCCB00618868 /* videotoolbox.h */,
				BFDAF3401D7FBCCB00618868 /* vorbis_parser.h */,
				BFDAF3411D7FBCCB00618868 /* xvmc.h */,
			);
			path = libavcodec;
			sourceTree = "<group>";
		};
		BFDAF3421D7FBCCB00618868 /* libavdevice */ = {
			isa = PBXGroup;
			children = (
				BFDAF3431D7FBCCB00618868 /* avdevice.h */,
				BFDAF3441D7FBCCB00618868 /* version.h */,
			);
			path = libavdevice;
			sourceTree = "<group>";
		};
		BFDAF3451D7FBCCB00618868 /* libavfilter */ = {
			isa = PBXGroup;
			children = (
				BFDAF3461D7FBCCB00618868 /* avfilter.h */,
				BFDAF3471D7FBCCB00618868 /* avfiltergraph.h */,
				BFDAF3481D7FBCCB00618868 /* buffersink.h */,
				BFDAF3491D7FBCCB00618868 /* buffersrc.h */,
				BFDAF34A1D7FBCCB00618868 /* version.h */,
			);
			path = libavfilter;
			sourceTree = "<group>";
		};
		BFDAF34B1D7FBCCB00618868 /* libavformat */ = {
			isa = PBXGroup;
			children = (
				BFDAF34C1D7FBCCB00618868 /* avformat.h */,
				BFDAF34D1D7FBCCB00618868 /* avio.h */,
				BFDAF34E1D7FBCCB00618868 /* url.h */,
				BFDAF34F1D7FBCCB00618868 /* version.h */,
			);
			path = libavformat;
			sourceTree = "<group>";
		};
		BFDAF3501D7FBCCB00618868 /* libavutil */ = {
			isa = PBXGroup;
			children = (
				BFDAF3511D7FBCCB00618868 /* adler32.h */,
				BFDAF3521D7FBCCB00618868 /* aes.h */,
				BFDAF3531D7FBCCB00618868 /* aes_ctr.h */,
				BFDAF3541D7FBCCB00618868 /* attributes.h */,
				BFDAF3551D7FBCCB00618868 /* audio_fifo.h */,
				BFDAF3561D7FBCCB00618868 /* avassert.h */,
				BFDAF3571D7FBCCB00618868 /* avconfig.h */,
				BFDAF3581D7FBCCB00618868 /* avstring.h */,
				BFDAF3591D7FBCCB00618868 /* avutil.h */,
				BFDAF35A1D7FBCCB00618868 /* base64.h */,
				BFDAF35B1D7FBCCB00618868 /* blowfish.h */,
				BFDAF35C1D7FBCCB00618868 /* bprint.h */,
				BFDAF35D1D7FBCCB00618868 /* bswap.h */,
				BFDAF35E1D7FBCCB00618868 /* buffer.h */,
				BFDAF35F1D7FBCCB00618868 /* camellia.h */,
				BFDAF3601D7FBCCB00618868 /* cast5.h */,
				BFDAF3611D7FBCCB00618868 /* channel_layout.h */,
				BFDAF3621D7FBCCB00618868 /* common.h */,
				BFDAF3631D7FBCCB00618868 /* cpu.h */,
				BFDAF3641D7FBCCB00618868 /* crc.h */,
				BFDAF3651D7FBCCB00618868 /* des.h */,
				BFDAF3661D7FBCCB00618868 /* dict.h */,
				BFDAF3671D7FBCCB00618868 /* display.h */,
				BFDAF3681D7FBCCB00618868 /* downmix_info.h */,
				BFDAF3691D7FBCCB00618868 /* error.h */,
				BFDAF36A1D7FBCCB00618868 /* eval.h */,
				BFDAF36B1D7FBCCB00618868 /* ffversion.h */,
				BFDAF36C1D7FBCCB00618868 /* fifo.h */,
				BFDAF36D1D7FBCCB00618868 /* file.h */,
				BFDAF36E1D7FBCCB00618868 /* frame.h */,
				BFDAF36F1D7FBCCB00618868 /* hash.h */,
				BFDAF3701D7FBCCB00618868 /* hmac.h */,
				BFDAF3711D7FBCCB00618868 /* imgutils.h */,
				BFDAF3721D7FBCCB00618868 /* intfloat.h */,
				BFDAF3731D7FBCCB00618868 /* intreadwrite.h */,
				BFDAF3741D7FBCCB00618868 /* lfg.h */,
				BFDAF3751D7FBCCB00618868 /* log.h */,
				BFDAF3761D7FBCCB00618868 /* lzo.h */,
				BFDAF3771D7FBCCB00618868 /* macros.h */,
				BFDAF3781D7FBCCB00618868 /* mastering_display_metadata.h */,
				BFDAF3791D7FBCCB00618868 /* mathematics.h */,
				BFDAF37A1D7FBCCB00618868 /* md5.h */,
				BFDAF37B1D7FBCCB00618868 /* mem.h */,
				BFDAF37C1D7FBCCB00618868 /* motion_vector.h */,
				BFDAF37D1D7FBCCB00618868 /* murmur3.h */,
				BFDAF37E1D7FBCCB00618868 /* opt.h */,
				BFDAF37F1D7FBCCB00618868 /* parseutils.h */,
				BFDAF3801D7FBCCB00618868 /* pixdesc.h */,
				BFDAF3811D7FBCCB00618868 /* pixelutils.h */,
				BFDAF3821D7FBCCB00618868 /* pixfmt.h */,
				BFDAF3831D7FBCCB00618868 /* random_seed.h */,
				BFDAF3841D7FBCCB00618868 /* rational.h */,
				BFDAF3851D7FBCCB00618868 /* rc4.h */,
				BFDAF3861D7FBCCB00618868 /* replaygain.h */,
				BFDAF3871D7FBCCB00618868 /* ripemd.h */,
				BFDAF3881D7FBCCB00618868 /* samplefmt.h */,
				BFDAF3891D7FBCCB00618868 /* sha.h */,
				BFDAF38A1D7FBCCB00618868 /* sha512.h */,
				BFDAF38B1D7FBCCB00618868 /* stereo3d.h */,
				BFDAF38C1D7FBCCB00618868 /* tea.h */,
				BFDAF38D1D7FBCCB00618868 /* threadmessage.h */,
				BFDAF38E1D7FBCCB00618868 /* time.h */,
				BFDAF38F1D7FBCCB00618868 /* timecode.h */,
				BFDAF3901D7FBCCB00618868 /* timestamp.h */,
				BFDAF3911D7FBCCB00618868 /* tree.h */,
				BFDAF3921D7FBCCB00618868 /* twofish.h */,
				BFDAF3931D7FBCCB00618868 /* version.h */,
				BFDAF3941D7FBCCB00618868 /* xtea.h */,
			);
			path = libavutil;
			sourceTree = "<group>";
		};
		BFDAF3951D7FBCCB00618868 /* libpostproc */ = {
			isa = PBXGroup;
			children = (
				BFDAF3961D7FBCCB00618868 /* postprocess.h */,
				BFDAF3971D7FBCCB00618868 /* version.h */,
			);
			path = libpostproc;
			sourceTree = "<group>";
		};
		BFDAF3981D7FBCCB00618868 /* libswresample */ = {
			isa = PBXGroup;
			children = (
				BFDAF3991D7FBCCB00618868 /* swresample.h */,
				BFDAF39A1D7FBCCB00618868 /* version.h */,
			);
			path = libswresample;
			sourceTree = "<group>";
		};
		BFDAF39B1D7FBCCB00618868 /* libswscale */ = {
			isa = PBXGroup;
			children = (
				BFDAF39C1D7FBCCB00618868 /* swscale.h */,
				BFDAF39D1D7FBCCB00618868 /* version.h */,
			);
			path = libswscale;
			sourceTree = "<group>";
		};
		BFDAF39E1D7FBCCB00618868 /* lib */ = {
			isa = PBXGroup;
			children = (
				BFDAF39F1D7FBCCB00618868 /* libavcodec.a */,
				BFDAF3A01D7FBCCB00618868 /* libavdevice.a */,
				BFDAF3A11D7FBCCB00618868 /* libavfilter.a */,
				BFDAF3A21D7FBCCB00618868 /* libavformat.a */,
				BFDAF3A31D7FBCCB00618868 /* libavutil.a */,
				BFDAF3A41D7FBCCB00618868 /* libpostproc.a */,
				BFDAF3A51D7FBCCB00618868 /* libswresample.a */,
				BFDAF3A61D7FBCCB00618868 /* libswscale.a */,
			);
			path = lib;
			sourceTree = "<group>";
		};
		BFDAF3A71D7FBCCB00618868 /* x264-iOS */ = {
			isa = PBXGroup;
			children = (
				BFDAF3A81D7FBCCB00618868 /* include */,
				BFDAF3AB1D7FBCCB00618868 /* lib */,
			);
			path = "x264-iOS";
			sourceTree = "<group>";
		};
		BFDAF3A81D7FBCCB00618868 /* include */ = {
			isa = PBXGroup;
			children = (
				BFDAF3A91D7FBCCB00618868 /* x264.h */,
				BFDAF3AA1D7FBCCB00618868 /* x264_config.h */,
			);
			path = include;
			sourceTree = "<group>";
		};
		BFDAF3AB1D7FBCCB00618868 /* lib */ = {
			isa = PBXGroup;
			children = (
				BFDAF3AC1D7FBCCB00618868 /* libx264.a */,
			);
			path = lib;
			sourceTree = "<group>";
		};
/* End PBXGroup section */

/* Begin PBXNativeTarget section */
		BF35DAB31D7954A000034160 /* CameraRtmpSDK */ = {
			isa = PBXNativeTarget;
			buildConfigurationList = BF35DAE11D7954A000034160 /* Build configuration list for PBXNativeTarget "CameraRtmpSDK" */;
			buildPhases = (
				BF35DAB01D7954A000034160 /* Sources */,
				BF35DAB11D7954A000034160 /* Frameworks */,
				BF35DAB21D7954A000034160 /* Resources */,
			);
			buildRules = (
			);
			dependencies = (
			);
			name = CameraRtmpSDK;
			productName = CameraRtmpSDK;
			productReference = BF35DAB41D7954A000034160 /* CameraRtmpSDK.app */;
			productType = "com.apple.product-type.application";
		};
		BF35DACC1D7954A000034160 /* CameraRtmpSDKTests */ = {
			isa = PBXNativeTarget;
			buildConfigurationList = BF35DAE41D7954A000034160 /* Build configuration list for PBXNativeTarget "CameraRtmpSDKTests" */;
			buildPhases = (
				BF35DAC91D7954A000034160 /* Sources */,
				BF35DACA1D7954A000034160 /* Frameworks */,
				BF35DACB1D7954A000034160 /* Resources */,
			);
			buildRules = (
			);
			dependencies = (
				BF35DACF1D7954A000034160 /* PBXTargetDependency */,
			);
			name = CameraRtmpSDKTests;
			productName = CameraRtmpSDKTests;
			productReference = BF35DACD1D7954A000034160 /* CameraRtmpSDKTests.xctest */;
			productType = "com.apple.product-type.bundle.unit-test";
		};
		BF35DAD71D7954A000034160 /* CameraRtmpSDKUITests */ = {
			isa = PBXNativeTarget;
			buildConfigurationList = BF35DAE71D7954A000034160 /* Build configuration list for PBXNativeTarget "CameraRtmpSDKUITests" */;
			buildPhases = (
				BF35DAD41D7954A000034160 /* Sources */,
				BF35DAD51D7954A000034160 /* Frameworks */,
				BF35DAD61D7954A000034160 /* Resources */,
			);
			buildRules = (
			);
			dependencies = (
				BF35DADA1D7954A000034160 /* PBXTargetDependency */,
			);
			name = CameraRtmpSDKUITests;
			productName = CameraRtmpSDKUITests;
			productReference = BF35DAD81D7954A000034160 /* CameraRtmpSDKUITests.xctest */;
			productType = "com.apple.product-type.bundle.ui-testing";
		};
/* End PBXNativeTarget section */

/* Begin PBXProject section */
		BF35DAAC1D7954A000034160 /* Project object */ = {
			isa = PBXProject;
			attributes = {
				LastUpgradeCheck = 0730;
				ORGANIZATIONNAME = Abson;
				TargetAttributes = {
					BF35DAB31D7954A000034160 = {
						CreatedOnToolsVersion = 7.3.1;
						DevelopmentTeam = ARFYJ56VTY;
					};
					BF35DACC1D7954A000034160 = {
						CreatedOnToolsVersion = 7.3.1;
						TestTargetID = BF35DAB31D7954A000034160;
					};
					BF35DAD71D7954A000034160 = {
						CreatedOnToolsVersion = 7.3.1;
						TestTargetID = BF35DAB31D7954A000034160;
					};
				};
			};
			buildConfigurationList = BF35DAAF1D7954A000034160 /* Build configuration list for PBXProject "CameraRtmpSDK" */;
			compatibilityVersion = "Xcode 3.2";
			developmentRegion = English;
			hasScannedForEncodings = 0;
			knownRegions = (
				en,
				Base,
			);
			mainGroup = BF35DAAB1D7954A000034160;
			productRefGroup = BF35DAB51D7954A000034160 /* Products */;
			projectDirPath = "";
			projectRoot = "";
			targets = (
				BF35DAB31D7954A000034160 /* CameraRtmpSDK */,
				BF35DACC1D7954A000034160 /* CameraRtmpSDKTests */,
				BF35DAD71D7954A000034160 /* CameraRtmpSDKUITests */,
			);
		};
/* End PBXProject section */

/* Begin PBXResourcesBuildPhase section */
		BF35DAB21D7954A000034160 /* Resources */ = {
			isa = PBXResourcesBuildPhase;
			buildActionMask = 2147483647;
			files = (
				BF35DAC71D7954A000034160 /* LaunchScreen.storyboard in Resources */,
				BF35DAC41D7954A000034160 /* Assets.xcassets in Resources */,
				BF35DAC21D7954A000034160 /* Main.storyboard in Resources */,
			);
			runOnlyForDeploymentPostprocessing = 0;
		};
		BF35DACB1D7954A000034160 /* Resources */ = {
			isa = PBXResourcesBuildPhase;
			buildActionMask = 2147483647;
			files = (
			);
			runOnlyForDeploymentPostprocessing = 0;
		};
		BF35DAD61D7954A000034160 /* Resources */ = {
			isa = PBXResourcesBuildPhase;
			buildActionMask = 2147483647;
			files = (
			);
			runOnlyForDeploymentPostprocessing = 0;
		};
/* End PBXResourcesBuildPhase section */

/* Begin PBXSourcesBuildPhase section */
		BF35DAB01D7954A000034160 /* Sources */ = {
			isa = PBXSourcesBuildPhase;
			buildActionMask = 2147483647;
			files = (
				BFC414071FAA186F007D9FDD /* AACParser.cpp in Sources */,
				BF1E9AB21D89650A003FC5F3 /* CameraSource.mm in Sources */,
				BFAA7F5F1D7E6DDB009C0387 /* PixelBuffer.cpp in Sources */,
				BF575B4E1D7EEF6A00469737 /* H264Encode.mm in Sources */,
				BF718B1E1D7EB6290052CAE7 /* H264Packetizer.cpp in Sources */,
				BF23457C1DE59F60001FABEA /* AACEncoder.cpp in Sources */,
				BF35DABF1D7954A000034160 /* ViewController.mm in Sources */,
				BFC414081FAA186F007D9FDD /* H264Parser.cpp in Sources */,
				BF35DABC1D7954A000034160 /* AppDelegate.m in Sources */,
				BF35DAB91D7954A000034160 /* main.m in Sources */,
				BFAA7F6B1D7E838B009C0387 /* ITransform.cpp in Sources */,
				BF2345781DE58C3F001FABEA /* IMetaData.cpp in Sources */,
				BF23455B1DE54BBE001FABEA /* MicSource.mm in Sources */,
				BFF1ABBA1D8791A40054FC8C /* ABSPreviewView.m in Sources */,
				BFAA7F501D7D64D4009C0387 /* ABSSimpleSession.mm in Sources */,
			);
			runOnlyForDeploymentPostprocessing = 0;
		};
		BF35DAC91D7954A000034160 /* Sources */ = {
			isa = PBXSourcesBuildPhase;
			buildActionMask = 2147483647;
			files = (
				BF35DAD21D7954A000034160 /* CameraRtmpSDKTests.m in Sources */,
			);
			runOnlyForDeploymentPostprocessing = 0;
		};
		BF35DAD41D7954A000034160 /* Sources */ = {
			isa = PBXSourcesBuildPhase;
			buildActionMask = 2147483647;
			files = (
				BF35DADD1D7954A000034160 /* CameraRtmpSDKUITests.m in Sources */,
			);
			runOnlyForDeploymentPostprocessing = 0;
		};
/* End PBXSourcesBuildPhase section */

/* Begin PBXTargetDependency section */
		BF35DACF1D7954A000034160 /* PBXTargetDependency */ = {
			isa = PBXTargetDependency;
			target = BF35DAB31D7954A000034160 /* CameraRtmpSDK */;
			targetProxy = BF35DACE1D7954A000034160 /* PBXContainerItemProxy */;
		};
		BF35DADA1D7954A000034160 /* PBXTargetDependency */ = {
			isa = PBXTargetDependency;
			target = BF35DAB31D7954A000034160 /* CameraRtmpSDK */;
			targetProxy = BF35DAD91D7954A000034160 /* PBXContainerItemProxy */;
		};
/* End PBXTargetDependency section */

/* Begin PBXVariantGroup section */
		BF35DAC01D7954A000034160 /* Main.storyboard */ = {
			isa = PBXVariantGroup;
			children = (
				BF35DAC11D7954A000034160 /* Base */,
			);
			name = Main.storyboard;
			sourceTree = "<group>";
		};
		BF35DAC51D7954A000034160 /* LaunchScreen.storyboard */ = {
			isa = PBXVariantGroup;
			children = (
				BF35DAC61D7954A000034160 /* Base */,
			);
			name = LaunchScreen.storyboard;
			sourceTree = "<group>";
		};
/* End PBXVariantGroup section */

/* Begin XCBuildConfiguration section */
		BF35DADF1D7954A000034160 /* Debug */ = {
			isa = XCBuildConfiguration;
			buildSettings = {
				ALWAYS_SEARCH_USER_PATHS = NO;
				CLANG_ANALYZER_NONNULL = YES;
				CLANG_CXX_LANGUAGE_STANDARD = "gnu++0x";
				CLANG_CXX_LIBRARY = "libc++";
				CLANG_ENABLE_MODULES = YES;
				CLANG_ENABLE_OBJC_ARC = YES;
				CLANG_WARN_BOOL_CONVERSION = YES;
				CLANG_WARN_CONSTANT_CONVERSION = YES;
				CLANG_WARN_DIRECT_OBJC_ISA_USAGE = YES_ERROR;
				CLANG_WARN_EMPTY_BODY = YES;
				CLANG_WARN_ENUM_CONVERSION = YES;
				CLANG_WARN_INT_CONVERSION = YES;
				CLANG_WARN_OBJC_ROOT_CLASS = YES_ERROR;
				CLANG_WARN_UNREACHABLE_CODE = YES;
				CLANG_WARN__DUPLICATE_METHOD_MATCH = YES;
				"CODE_SIGN_IDENTITY[sdk=iphoneos*]" = "iPhone Developer";
				COPY_PHASE_STRIP = NO;
				DEBUG_INFORMATION_FORMAT = dwarf;
				ENABLE_STRICT_OBJC_MSGSEND = YES;
				ENABLE_TESTABILITY = YES;
				GCC_C_LANGUAGE_STANDARD = gnu99;
				GCC_DYNAMIC_NO_PIC = NO;
				GCC_NO_COMMON_BLOCKS = YES;
				GCC_OPTIMIZATION_LEVEL = 0;
				GCC_PREPROCESSOR_DEFINITIONS = (
					"DEBUG=1",
					"$(inherited)",
				);
				GCC_WARN_64_TO_32_BIT_CONVERSION = YES;
				GCC_WARN_ABOUT_RETURN_TYPE = YES_ERROR;
				GCC_WARN_UNDECLARED_SELECTOR = YES;
				GCC_WARN_UNINITIALIZED_AUTOS = YES_AGGRESSIVE;
				GCC_WARN_UNUSED_FUNCTION = YES;
				GCC_WARN_UNUSED_VARIABLE = YES;
				IPHONEOS_DEPLOYMENT_TARGET = 9.3;
				MTL_ENABLE_DEBUG_INFO = YES;
				ONLY_ACTIVE_ARCH = YES;
				SDKROOT = iphoneos;
			};
			name = Debug;
		};
		BF35DAE01D7954A000034160 /* Release */ = {
			isa = XCBuildConfiguration;
			buildSettings = {
				ALWAYS_SEARCH_USER_PATHS = NO;
				CLANG_ANALYZER_NONNULL = YES;
				CLANG_CXX_LANGUAGE_STANDARD = "gnu++0x";
				CLANG_CXX_LIBRARY = "libc++";
				CLANG_ENABLE_MODULES = YES;
				CLANG_ENABLE_OBJC_ARC = YES;
				CLANG_WARN_BOOL_CONVERSION = YES;
				CLANG_WARN_CONSTANT_CONVERSION = YES;
				CLANG_WARN_DIRECT_OBJC_ISA_USAGE = YES_ERROR;
				CLANG_WARN_EMPTY_BODY = YES;
				CLANG_WARN_ENUM_CONVERSION = YES;
				CLANG_WARN_INT_CONVERSION = YES;
				CLANG_WARN_OBJC_ROOT_CLASS = YES_ERROR;
				CLANG_WARN_UNREACHABLE_CODE = YES;
				CLANG_WARN__DUPLICATE_METHOD_MATCH = YES;
				"CODE_SIGN_IDENTITY[sdk=iphoneos*]" = "iPhone Developer";
				COPY_PHASE_STRIP = NO;
				DEBUG_INFORMATION_FORMAT = "dwarf-with-dsym";
				ENABLE_NS_ASSERTIONS = NO;
				ENABLE_STRICT_OBJC_MSGSEND = YES;
				GCC_C_LANGUAGE_STANDARD = gnu99;
				GCC_NO_COMMON_BLOCKS = YES;
				GCC_WARN_64_TO_32_BIT_CONVERSION = YES;
				GCC_WARN_ABOUT_RETURN_TYPE = YES_ERROR;
				GCC_WARN_UNDECLARED_SELECTOR = YES;
				GCC_WARN_UNINITIALIZED_AUTOS = YES_AGGRESSIVE;
				GCC_WARN_UNUSED_FUNCTION = YES;
				GCC_WARN_UNUSED_VARIABLE = YES;
				IPHONEOS_DEPLOYMENT_TARGET = 9.3;
				MTL_ENABLE_DEBUG_INFO = NO;
				SDKROOT = iphoneos;
				VALIDATE_PRODUCT = YES;
			};
			name = Release;
		};
		BF35DAE21D7954A000034160 /* Debug */ = {
			isa = XCBuildConfiguration;
			buildSettings = {
				ASSETCATALOG_COMPILER_APPICON_NAME = AppIcon;
				DEVELOPMENT_TEAM = ARFYJ56VTY;
				ENABLE_BITCODE = NO;
				GCC_PREFIX_HEADER = "$(SRCROOT)/CameraRtmpSDK/PrefixHeader.pch";
				HEADER_SEARCH_PATHS = (
					"$(SRCROOT)/CameraRtmpSDK/PushSDK/FFmpeg-iOS/include",
					"$(SRCROOT)/CameraRtmpSDK/PushSDK/FFmpeg-iOS/x264-iOS/include",
				);
				INFOPLIST_FILE = CameraRtmpSDK/Info.plist;
				IPHONEOS_DEPLOYMENT_TARGET = 8.0;
				LD_RUNPATH_SEARCH_PATHS = "$(inherited) @executable_path/Frameworks";
				LIBRARY_SEARCH_PATHS = (
					"$(inherited)",
					"$(PROJECT_DIR)/CameraRtmpSDK/PushSDK/FFmpeg-iOS/lib",
					"$(PROJECT_DIR)/CameraRtmpSDK/PushSDK/FFmpeg-iOS/x264-iOS/lib",
				);
				OTHER_LDFLAGS = (
					"-ObjC",
					"-all_load",
					"-lstdc++",
				);
				PRODUCT_BUNDLE_IDENTIFIER = com.4399.CameraRtmpSDK;
				PRODUCT_NAME = "$(TARGET_NAME)";
			};
			name = Debug;
		};
		BF35DAE31D7954A000034160 /* Release */ = {
			isa = XCBuildConfiguration;
			buildSettings = {
				ASSETCATALOG_COMPILER_APPICON_NAME = AppIcon;
				DEVELOPMENT_TEAM = ARFYJ56VTY;
				ENABLE_BITCODE = NO;
				GCC_PREFIX_HEADER = "$(SRCROOT)/CameraRtmpSDK/PrefixHeader.pch";
				HEADER_SEARCH_PATHS = (
					"$(SRCROOT)/CameraRtmpSDK/PushSDK/FFmpeg-iOS/include",
					"$(SRCROOT)/CameraRtmpSDK/PushSDK/FFmpeg-iOS/x264-iOS/include",
				);
				INFOPLIST_FILE = CameraRtmpSDK/Info.plist;
				IPHONEOS_DEPLOYMENT_TARGET = 8.0;
				LD_RUNPATH_SEARCH_PATHS = "$(inherited) @executable_path/Frameworks";
				LIBRARY_SEARCH_PATHS = (
					"$(inherited)",
					"$(PROJECT_DIR)/CameraRtmpSDK/PushSDK/FFmpeg-iOS/lib",
					"$(PROJECT_DIR)/CameraRtmpSDK/PushSDK/FFmpeg-iOS/x264-iOS/lib",
				);
				OTHER_LDFLAGS = (
					"-ObjC",
					"-all_load",
					"-lstdc++",
				);
				PRODUCT_BUNDLE_IDENTIFIER = com.4399.CameraRtmpSDK;
				PRODUCT_NAME = "$(TARGET_NAME)";
			};
			name = Release;
		};
		BF35DAE51D7954A000034160 /* Debug */ = {
			isa = XCBuildConfiguration;
			buildSettings = {
				BUNDLE_LOADER = "$(TEST_HOST)";
				INFOPLIST_FILE = CameraRtmpSDKTests/Info.plist;
				LD_RUNPATH_SEARCH_PATHS = "$(inherited) @executable_path/Frameworks @loader_path/Frameworks";
				PRODUCT_BUNDLE_IDENTIFIER = com.4399.CameraRtmpSDKTests;
				PRODUCT_NAME = "$(TARGET_NAME)";
				TEST_HOST = "$(BUILT_PRODUCTS_DIR)/CameraRtmpSDK.app/CameraRtmpSDK";
			};
			name = Debug;
		};
		BF35DAE61D7954A000034160 /* Release */ = {
			isa = XCBuildConfiguration;
			buildSettings = {
				BUNDLE_LOADER = "$(TEST_HOST)";
				INFOPLIST_FILE = CameraRtmpSDKTests/Info.plist;
				LD_RUNPATH_SEARCH_PATHS = "$(inherited) @executable_path/Frameworks @loader_path/Frameworks";
				PRODUCT_BUNDLE_IDENTIFIER = com.4399.CameraRtmpSDKTests;
				PRODUCT_NAME = "$(TARGET_NAME)";
				TEST_HOST = "$(BUILT_PRODUCTS_DIR)/CameraRtmpSDK.app/CameraRtmpSDK";
			};
			name = Release;
		};
		BF35DAE81D7954A000034160 /* Debug */ = {
			isa = XCBuildConfiguration;
			buildSettings = {
				INFOPLIST_FILE = CameraRtmpSDKUITests/Info.plist;
				LD_RUNPATH_SEARCH_PATHS = "$(inherited) @executable_path/Frameworks @loader_path/Frameworks";
				PRODUCT_BUNDLE_IDENTIFIER = com.4399.CameraRtmpSDKUITests;
				PRODUCT_NAME = "$(TARGET_NAME)";
				TEST_TARGET_NAME = CameraRtmpSDK;
			};
			name = Debug;
		};
		BF35DAE91D7954A000034160 /* Release */ = {
			isa = XCBuildConfiguration;
			buildSettings = {
				INFOPLIST_FILE = CameraRtmpSDKUITests/Info.plist;
				LD_RUNPATH_SEARCH_PATHS = "$(inherited) @executable_path/Frameworks @loader_path/Frameworks";
				PRODUCT_BUNDLE_IDENTIFIER = com.4399.CameraRtmpSDKUITests;
				PRODUCT_NAME = "$(TARGET_NAME)";
				TEST_TARGET_NAME = CameraRtmpSDK;
			};
			name = Release;
		};
/* End XCBuildConfiguration section */

/* Begin XCConfigurationList section */
		BF35DAAF1D7954A000034160 /* Build configuration list for PBXProject "CameraRtmpSDK" */ = {
			isa = XCConfigurationList;
			buildConfigurations = (
				BF35DADF1D7954A000034160 /* Debug */,
				BF35DAE01D7954A000034160 /* Release */,
			);
			defaultConfigurationIsVisible = 0;
			defaultConfigurationName = Release;
		};
		BF35DAE11D7954A000034160 /* Build configuration list for PBXNativeTarget "CameraRtmpSDK" */ = {
			isa = XCConfigurationList;
			buildConfigurations = (
				BF35DAE21D7954A000034160 /* Debug */,
				BF35DAE31D7954A000034160 /* Release */,
			);
			defaultConfigurationIsVisible = 0;
			defaultConfigurationName = Release;
		};
		BF35DAE41D7954A000034160 /* Build configuration list for PBXNativeTarget "CameraRtmpSDKTests" */ = {
			isa = XCConfigurationList;
			buildConfigurations = (
				BF35DAE51D7954A000034160 /* Debug */,
				BF35DAE61D7954A000034160 /* Release */,
			);
			defaultConfigurationIsVisible = 0;
			defaultConfigurationName = Release;
		};
		BF35DAE71D7954A000034160 /* Build configuration list for PBXNativeTarget "CameraRtmpSDKUITests" */ = {
			isa = XCConfigurationList;
			buildConfigurations = (
				BF35DAE81D7954A000034160 /* Debug */,
				BF35DAE91D7954A000034160 /* Release */,
			);
			defaultConfigurationIsVisible = 0;
			defaultConfigurationName = Release;
		};
/* End XCConfigurationList section */
	};
	rootObject = BF35DAAC1D7954A000034160 /* Project object */;
}
